
Microsoft Visual Studio Solution File, Format Version 12.00
# Visual Studio 15
VisualStudioVersion = 15.0.28010.2046
MinimumVisualStudioVersion = 10.0.40219.1
Project("{FAE04EC0-301F-11D3-BF4B-00C04F79EFBC}") = "Hw6", "Hw6\Hw6.csproj", "{EBE0A7D9-2C81-4BAF-A23D-B7AB9A6BEE46}"
EndProject
Global
	GlobalSection(SolutionConfigurationPlatforms) = preSolution
		Debug|Any CPU = Debug|Any CPU
		Release|Any CPU = Release|Any CPU
	EndGlobalSection
	GlobalSection(ProjectConfigurationPlatforms) = postSolution
		{EBE0A7D9-2C81-4BAF-A23D-B7AB9A6BEE46}.Debug|Any CPU.ActiveCfg = Debug|Any CPU
		{EBE0A7D9-2C81-4BAF-A23D-B7AB9A6BEE46}.Debug|Any CPU.Build.0 = Debug|Any CPU
		{EBE0A7D9-2C81-4BAF-A23D-B7AB9A6BEE46}.Release|Any CPU.ActiveCfg = Release|Any CPU
		{EBE0A7D9-2C81-4BAF-A23D-B7AB9A6BEE46}.Release|Any CPU.Build.0 = Release|Any CPU
	EndGlobalSection
	GlobalSection(SolutionProperties) = preSolution
		HideSolutionNode = FALSE
	EndGlobalSection
	GlobalSection(ExtensibilityGlobals) = postSolution
		SolutionGuid = {32B0554F-342E-4179-95BF-6428E5E345E9}
	EndGlobalSection
EndGlobal
