
Microsoft Visual Studio Solution File, Format Version 12.00
# Visual Studio 15
VisualStudioVersion = 15.0.28010.2046
MinimumVisualStudioVersion = 10.0.40219.1
Project("{FAE04EC0-301F-11D3-BF4B-00C04F79EFBC}") = "Hw1017array01", "Hw1017array01\Hw1017array01.csproj", "{17B86F2B-6045-4286-B7F0-0629D95F81D8}"
EndProject
Global
	GlobalSection(SolutionConfigurationPlatforms) = preSolution
		Debug|Any CPU = Debug|Any CPU
		Release|Any CPU = Release|Any CPU
	EndGlobalSection
	GlobalSection(ProjectConfigurationPlatforms) = postSolution
		{17B86F2B-6045-4286-B7F0-0629D95F81D8}.Debug|Any CPU.ActiveCfg = Debug|Any CPU
		{17B86F2B-6045-4286-B7F0-0629D95F81D8}.Debug|Any CPU.Build.0 = Debug|Any CPU
		{17B86F2B-6045-4286-B7F0-0629D95F81D8}.Release|Any CPU.ActiveCfg = Release|Any CPU
		{17B86F2B-6045-4286-B7F0-0629D95F81D8}.Release|Any CPU.Build.0 = Release|Any CPU
	EndGlobalSection
	GlobalSection(SolutionProperties) = preSolution
		HideSolutionNode = FALSE
	EndGlobalSection
	GlobalSection(ExtensibilityGlobals) = postSolution
		SolutionGuid = {FF2C07D0-0F20-471B-89C2-6EB711CF35E2}
	EndGlobalSection
EndGlobal
