
Microsoft Visual Studio Solution File, Format Version 12.00
# Visual Studio 15
VisualStudioVersion = 15.0.28010.2046
MinimumVisualStudioVersion = 10.0.40219.1
Project("{FAE04EC0-301F-11D3-BF4B-00C04F79EFBC}") = "p97", "p97\p97.csproj", "{D08A7BF2-42E6-484D-8B4F-53704FC6D512}"
EndProject
Global
	GlobalSection(SolutionConfigurationPlatforms) = preSolution
		Debug|Any CPU = Debug|Any CPU
		Release|Any CPU = Release|Any CPU
	EndGlobalSection
	GlobalSection(ProjectConfigurationPlatforms) = postSolution
		{D08A7BF2-42E6-484D-8B4F-53704FC6D512}.Debug|Any CPU.ActiveCfg = Debug|Any CPU
		{D08A7BF2-42E6-484D-8B4F-53704FC6D512}.Debug|Any CPU.Build.0 = Debug|Any CPU
		{D08A7BF2-42E6-484D-8B4F-53704FC6D512}.Release|Any CPU.ActiveCfg = Release|Any CPU
		{D08A7BF2-42E6-484D-8B4F-53704FC6D512}.Release|Any CPU.Build.0 = Release|Any CPU
	EndGlobalSection
	GlobalSection(SolutionProperties) = preSolution
		HideSolutionNode = FALSE
	EndGlobalSection
	GlobalSection(ExtensibilityGlobals) = postSolution
		SolutionGuid = {AE424CE0-B9C7-4F40-BB69-12B806286BB9}
	EndGlobalSection
EndGlobal
