
Microsoft Visual Studio Solution File, Format Version 12.00
# Visual Studio 15
VisualStudioVersion = 15.0.28010.2046
MinimumVisualStudioVersion = 10.0.40219.1
Project("{FAE04EC0-301F-11D3-BF4B-00C04F79EFBC}") = "p118", "p118\p118.csproj", "{547A6889-C22F-4D11-B324-4EA763C74429}"
EndProject
Global
	GlobalSection(SolutionConfigurationPlatforms) = preSolution
		Debug|Any CPU = Debug|Any CPU
		Release|Any CPU = Release|Any CPU
	EndGlobalSection
	GlobalSection(ProjectConfigurationPlatforms) = postSolution
		{547A6889-C22F-4D11-B324-4EA763C74429}.Debug|Any CPU.ActiveCfg = Debug|Any CPU
		{547A6889-C22F-4D11-B324-4EA763C74429}.Debug|Any CPU.Build.0 = Debug|Any CPU
		{547A6889-C22F-4D11-B324-4EA763C74429}.Release|Any CPU.ActiveCfg = Release|Any CPU
		{547A6889-C22F-4D11-B324-4EA763C74429}.Release|Any CPU.Build.0 = Release|Any CPU
	EndGlobalSection
	GlobalSection(SolutionProperties) = preSolution
		HideSolutionNode = FALSE
	EndGlobalSection
	GlobalSection(ExtensibilityGlobals) = postSolution
		SolutionGuid = {38DDEC39-BBB3-4E0D-A7DD-73C1973FAC15}
	EndGlobalSection
EndGlobal
