
Microsoft Visual Studio Solution File, Format Version 12.00
# Visual Studio 15
VisualStudioVersion = 15.0.28010.2046
MinimumVisualStudioVersion = 10.0.40219.1
Project("{FAE04EC0-301F-11D3-BF4B-00C04F79EFBC}") = "hw1", "hw1\hw1.csproj", "{2662914C-9BF6-41BE-9468-557D96299B87}"
EndProject
Project("{FAE04EC0-301F-11D3-BF4B-00C04F79EFBC}") = "hw2", "hw2\hw2.csproj", "{BA95FF95-582B-423F-B6CD-8CF0F56AD997}"
EndProject
Project("{FAE04EC0-301F-11D3-BF4B-00C04F79EFBC}") = "hw3", "hw3\hw3.csproj", "{4A944506-9F9E-405F-AD7B-67102A7B6CA0}"
EndProject
Project("{FAE04EC0-301F-11D3-BF4B-00C04F79EFBC}") = "hw4", "hw4\hw4.csproj", "{EACE3502-A638-48FE-A82D-41B82A4F1B7F}"
EndProject
Project("{FAE04EC0-301F-11D3-BF4B-00C04F79EFBC}") = "hw5", "hw5\hw5.csproj", "{7A99A0D8-A582-4EDD-A0C4-7F4270137F39}"
EndProject
Project("{FAE04EC0-301F-11D3-BF4B-00C04F79EFBC}") = "hw6", "hw6\hw6.csproj", "{AA802FC8-5591-4C03-8B16-BD4E85BA7109}"
EndProject
Project("{FAE04EC0-301F-11D3-BF4B-00C04F79EFBC}") = "hw7", "hw7\hw7.csproj", "{A6DFE27E-C56D-4D3B-BF93-D32A2016DC83}"
EndProject
Project("{FAE04EC0-301F-11D3-BF4B-00C04F79EFBC}") = "hw8", "hw8\hw8.csproj", "{AB15C56A-0D1A-4A65-B6A8-E6615F14CC82}"
EndProject
Project("{FAE04EC0-301F-11D3-BF4B-00C04F79EFBC}") = "hw9", "hw9\hw9.csproj", "{3EF8ACB1-CC2B-4A6C-A963-D6A347951309}"
EndProject
Project("{FAE04EC0-301F-11D3-BF4B-00C04F79EFBC}") = "hw10", "hw10\hw10.csproj", "{455194F9-2DA2-4DCC-A7E5-5C80CFEBD8E8}"
EndProject
Project("{FAE04EC0-301F-11D3-BF4B-00C04F79EFBC}") = "hw12", "hw12\hw12.csproj", "{786EDF39-D616-40FF-B53B-460DDCD1B467}"
EndProject
Project("{FAE04EC0-301F-11D3-BF4B-00C04F79EFBC}") = "hw11", "hw11\hw11.csproj", "{93451C26-8CCF-41EA-9397-1E0236B84026}"
EndProject
Project("{FAE04EC0-301F-11D3-BF4B-00C04F79EFBC}") = "hw13", "hw13\hw13.csproj", "{97F74018-BECC-4B74-B4F2-358D15BF9629}"
EndProject
Project("{FAE04EC0-301F-11D3-BF4B-00C04F79EFBC}") = "hw14", "hw14\hw14.csproj", "{A776A613-BA8B-434B-B1BD-6172F5EFFA90}"
EndProject
Project("{FAE04EC0-301F-11D3-BF4B-00C04F79EFBC}") = "hw15", "hw15\hw15.csproj", "{8AEA3FFD-4309-43FC-838E-65F42F141C58}"
EndProject
Project("{FAE04EC0-301F-11D3-BF4B-00C04F79EFBC}") = "hw16", "hw16\hw16.csproj", "{E8289C5C-7B26-4975-8A1B-C93D27F2A9D9}"
EndProject
Global
	GlobalSection(SolutionConfigurationPlatforms) = preSolution
		Debug|Any CPU = Debug|Any CPU
		Release|Any CPU = Release|Any CPU
	EndGlobalSection
	GlobalSection(ProjectConfigurationPlatforms) = postSolution
		{2662914C-9BF6-41BE-9468-557D96299B87}.Debug|Any CPU.ActiveCfg = Debug|Any CPU
		{2662914C-9BF6-41BE-9468-557D96299B87}.Debug|Any CPU.Build.0 = Debug|Any CPU
		{2662914C-9BF6-41BE-9468-557D96299B87}.Release|Any CPU.ActiveCfg = Release|Any CPU
		{2662914C-9BF6-41BE-9468-557D96299B87}.Release|Any CPU.Build.0 = Release|Any CPU
		{BA95FF95-582B-423F-B6CD-8CF0F56AD997}.Debug|Any CPU.ActiveCfg = Debug|Any CPU
		{BA95FF95-582B-423F-B6CD-8CF0F56AD997}.Debug|Any CPU.Build.0 = Debug|Any CPU
		{BA95FF95-582B-423F-B6CD-8CF0F56AD997}.Release|Any CPU.ActiveCfg = Release|Any CPU
		{BA95FF95-582B-423F-B6CD-8CF0F56AD997}.Release|Any CPU.Build.0 = Release|Any CPU
		{4A944506-9F9E-405F-AD7B-67102A7B6CA0}.Debug|Any CPU.ActiveCfg = Debug|Any CPU
		{4A944506-9F9E-405F-AD7B-67102A7B6CA0}.Debug|Any CPU.Build.0 = Debug|Any CPU
		{4A944506-9F9E-405F-AD7B-67102A7B6CA0}.Release|Any CPU.ActiveCfg = Release|Any CPU
		{4A944506-9F9E-405F-AD7B-67102A7B6CA0}.Release|Any CPU.Build.0 = Release|Any CPU
		{EACE3502-A638-48FE-A82D-41B82A4F1B7F}.Debug|Any CPU.ActiveCfg = Debug|Any CPU
		{EACE3502-A638-48FE-A82D-41B82A4F1B7F}.Debug|Any CPU.Build.0 = Debug|Any CPU
		{EACE3502-A638-48FE-A82D-41B82A4F1B7F}.Release|Any CPU.ActiveCfg = Release|Any CPU
		{EACE3502-A638-48FE-A82D-41B82A4F1B7F}.Release|Any CPU.Build.0 = Release|Any CPU
		{7A99A0D8-A582-4EDD-A0C4-7F4270137F39}.Debug|Any CPU.ActiveCfg = Debug|Any CPU
		{7A99A0D8-A582-4EDD-A0C4-7F4270137F39}.Debug|Any CPU.Build.0 = Debug|Any CPU
		{7A99A0D8-A582-4EDD-A0C4-7F4270137F39}.Release|Any CPU.ActiveCfg = Release|Any CPU
		{7A99A0D8-A582-4EDD-A0C4-7F4270137F39}.Release|Any CPU.Build.0 = Release|Any CPU
		{AA802FC8-5591-4C03-8B16-BD4E85BA7109}.Debug|Any CPU.ActiveCfg = Debug|Any CPU
		{AA802FC8-5591-4C03-8B16-BD4E85BA7109}.Debug|Any CPU.Build.0 = Debug|Any CPU
		{AA802FC8-5591-4C03-8B16-BD4E85BA7109}.Release|Any CPU.ActiveCfg = Release|Any CPU
		{AA802FC8-5591-4C03-8B16-BD4E85BA7109}.Release|Any CPU.Build.0 = Release|Any CPU
		{A6DFE27E-C56D-4D3B-BF93-D32A2016DC83}.Debug|Any CPU.ActiveCfg = Debug|Any CPU
		{A6DFE27E-C56D-4D3B-BF93-D32A2016DC83}.Debug|Any CPU.Build.0 = Debug|Any CPU
		{A6DFE27E-C56D-4D3B-BF93-D32A2016DC83}.Release|Any CPU.ActiveCfg = Release|Any CPU
		{A6DFE27E-C56D-4D3B-BF93-D32A2016DC83}.Release|Any CPU.Build.0 = Release|Any CPU
		{AB15C56A-0D1A-4A65-B6A8-E6615F14CC82}.Debug|Any CPU.ActiveCfg = Debug|Any CPU
		{AB15C56A-0D1A-4A65-B6A8-E6615F14CC82}.Debug|Any CPU.Build.0 = Debug|Any CPU
		{AB15C56A-0D1A-4A65-B6A8-E6615F14CC82}.Release|Any CPU.ActiveCfg = Release|Any CPU
		{AB15C56A-0D1A-4A65-B6A8-E6615F14CC82}.Release|Any CPU.Build.0 = Release|Any CPU
		{3EF8ACB1-CC2B-4A6C-A963-D6A347951309}.Debug|Any CPU.ActiveCfg = Debug|Any CPU
		{3EF8ACB1-CC2B-4A6C-A963-D6A347951309}.Debug|Any CPU.Build.0 = Debug|Any CPU
		{3EF8ACB1-CC2B-4A6C-A963-D6A347951309}.Release|Any CPU.ActiveCfg = Release|Any CPU
		{3EF8ACB1-CC2B-4A6C-A963-D6A347951309}.Release|Any CPU.Build.0 = Release|Any CPU
		{455194F9-2DA2-4DCC-A7E5-5C80CFEBD8E8}.Debug|Any CPU.ActiveCfg = Debug|Any CPU
		{455194F9-2DA2-4DCC-A7E5-5C80CFEBD8E8}.Debug|Any CPU.Build.0 = Debug|Any CPU
		{455194F9-2DA2-4DCC-A7E5-5C80CFEBD8E8}.Release|Any CPU.ActiveCfg = Release|Any CPU
		{455194F9-2DA2-4DCC-A7E5-5C80CFEBD8E8}.Release|Any CPU.Build.0 = Release|Any CPU
		{786EDF39-D616-40FF-B53B-460DDCD1B467}.Debug|Any CPU.ActiveCfg = Debug|Any CPU
		{786EDF39-D616-40FF-B53B-460DDCD1B467}.Debug|Any CPU.Build.0 = Debug|Any CPU
		{786EDF39-D616-40FF-B53B-460DDCD1B467}.Release|Any CPU.ActiveCfg = Release|Any CPU
		{786EDF39-D616-40FF-B53B-460DDCD1B467}.Release|Any CPU.Build.0 = Release|Any CPU
		{93451C26-8CCF-41EA-9397-1E0236B84026}.Debug|Any CPU.ActiveCfg = Debug|Any CPU
		{93451C26-8CCF-41EA-9397-1E0236B84026}.Debug|Any CPU.Build.0 = Debug|Any CPU
		{93451C26-8CCF-41EA-9397-1E0236B84026}.Release|Any CPU.ActiveCfg = Release|Any CPU
		{93451C26-8CCF-41EA-9397-1E0236B84026}.Release|Any CPU.Build.0 = Release|Any CPU
		{97F74018-BECC-4B74-B4F2-358D15BF9629}.Debug|Any CPU.ActiveCfg = Debug|Any CPU
		{97F74018-BECC-4B74-B4F2-358D15BF9629}.Debug|Any CPU.Build.0 = Debug|Any CPU
		{97F74018-BECC-4B74-B4F2-358D15BF9629}.Release|Any CPU.ActiveCfg = Release|Any CPU
		{97F74018-BECC-4B74-B4F2-358D15BF9629}.Release|Any CPU.Build.0 = Release|Any CPU
		{A776A613-BA8B-434B-B1BD-6172F5EFFA90}.Debug|Any CPU.ActiveCfg = Debug|Any CPU
		{A776A613-BA8B-434B-B1BD-6172F5EFFA90}.Debug|Any CPU.Build.0 = Debug|Any CPU
		{A776A613-BA8B-434B-B1BD-6172F5EFFA90}.Release|Any CPU.ActiveCfg = Release|Any CPU
		{A776A613-BA8B-434B-B1BD-6172F5EFFA90}.Release|Any CPU.Build.0 = Release|Any CPU
		{8AEA3FFD-4309-43FC-838E-65F42F141C58}.Debug|Any CPU.ActiveCfg = Debug|Any CPU
		{8AEA3FFD-4309-43FC-838E-65F42F141C58}.Debug|Any CPU.Build.0 = Debug|Any CPU
		{8AEA3FFD-4309-43FC-838E-65F42F141C58}.Release|Any CPU.ActiveCfg = Release|Any CPU
		{8AEA3FFD-4309-43FC-838E-65F42F141C58}.Release|Any CPU.Build.0 = Release|Any CPU
		{E8289C5C-7B26-4975-8A1B-C93D27F2A9D9}.Debug|Any CPU.ActiveCfg = Debug|Any CPU
		{E8289C5C-7B26-4975-8A1B-C93D27F2A9D9}.Debug|Any CPU.Build.0 = Debug|Any CPU
		{E8289C5C-7B26-4975-8A1B-C93D27F2A9D9}.Release|Any CPU.ActiveCfg = Release|Any CPU
		{E8289C5C-7B26-4975-8A1B-C93D27F2A9D9}.Release|Any CPU.Build.0 = Release|Any CPU
	EndGlobalSection
	GlobalSection(SolutionProperties) = preSolution
		HideSolutionNode = FALSE
	EndGlobalSection
	GlobalSection(ExtensibilityGlobals) = postSolution
		SolutionGuid = {EBB6B3CC-29D9-4E7D-8391-A636A8A887E2}
	EndGlobalSection
EndGlobal
