
Microsoft Visual Studio Solution File, Format Version 12.00
# Visual Studio 15
VisualStudioVersion = 15.0.28010.2046
MinimumVisualStudioVersion = 10.0.40219.1
Project("{FAE04EC0-301F-11D3-BF4B-00C04F79EFBC}") = "p62", "p62\p62.csproj", "{B4D57D40-2992-4F03-A57F-8F96952AB33B}"
EndProject
Global
	GlobalSection(SolutionConfigurationPlatforms) = preSolution
		Debug|Any CPU = Debug|Any CPU
		Release|Any CPU = Release|Any CPU
	EndGlobalSection
	GlobalSection(ProjectConfigurationPlatforms) = postSolution
		{B4D57D40-2992-4F03-A57F-8F96952AB33B}.Debug|Any CPU.ActiveCfg = Debug|Any CPU
		{B4D57D40-2992-4F03-A57F-8F96952AB33B}.Debug|Any CPU.Build.0 = Debug|Any CPU
		{B4D57D40-2992-4F03-A57F-8F96952AB33B}.Release|Any CPU.ActiveCfg = Release|Any CPU
		{B4D57D40-2992-4F03-A57F-8F96952AB33B}.Release|Any CPU.Build.0 = Release|Any CPU
	EndGlobalSection
	GlobalSection(SolutionProperties) = preSolution
		HideSolutionNode = FALSE
	EndGlobalSection
	GlobalSection(ExtensibilityGlobals) = postSolution
		SolutionGuid = {D5D1A7A9-6611-4B0D-B250-C3D96DDCF735}
	EndGlobalSection
EndGlobal
