
Microsoft Visual Studio Solution File, Format Version 12.00
# Visual Studio 15
VisualStudioVersion = 15.0.28010.2046
MinimumVisualStudioVersion = 10.0.40219.1
Project("{FAE04EC0-301F-11D3-BF4B-00C04F79EFBC}") = "p124", "p124\p124.csproj", "{8DB539B2-F44F-4086-878A-FD8913B9730A}"
EndProject
Global
	GlobalSection(SolutionConfigurationPlatforms) = preSolution
		Debug|Any CPU = Debug|Any CPU
		Release|Any CPU = Release|Any CPU
	EndGlobalSection
	GlobalSection(ProjectConfigurationPlatforms) = postSolution
		{8DB539B2-F44F-4086-878A-FD8913B9730A}.Debug|Any CPU.ActiveCfg = Debug|Any CPU
		{8DB539B2-F44F-4086-878A-FD8913B9730A}.Debug|Any CPU.Build.0 = Debug|Any CPU
		{8DB539B2-F44F-4086-878A-FD8913B9730A}.Release|Any CPU.ActiveCfg = Release|Any CPU
		{8DB539B2-F44F-4086-878A-FD8913B9730A}.Release|Any CPU.Build.0 = Release|Any CPU
	EndGlobalSection
	GlobalSection(SolutionProperties) = preSolution
		HideSolutionNode = FALSE
	EndGlobalSection
	GlobalSection(ExtensibilityGlobals) = postSolution
		SolutionGuid = {C8D60E39-D7EE-4262-B518-10035EFBC97C}
	EndGlobalSection
EndGlobal
