
Microsoft Visual Studio Solution File, Format Version 12.00
# Visual Studio 15
VisualStudioVersion = 15.0.28010.2046
MinimumVisualStudioVersion = 10.0.40219.1
Project("{FAE04EC0-301F-11D3-BF4B-00C04F79EFBC}") = "Hw1016-2", "Hw1016-2\Hw1016-2.csproj", "{38ED87CF-47FF-4ED8-8884-92788FA6FC83}"
EndProject
Global
	GlobalSection(SolutionConfigurationPlatforms) = preSolution
		Debug|Any CPU = Debug|Any CPU
		Release|Any CPU = Release|Any CPU
	EndGlobalSection
	GlobalSection(ProjectConfigurationPlatforms) = postSolution
		{38ED87CF-47FF-4ED8-8884-92788FA6FC83}.Debug|Any CPU.ActiveCfg = Debug|Any CPU
		{38ED87CF-47FF-4ED8-8884-92788FA6FC83}.Debug|Any CPU.Build.0 = Debug|Any CPU
		{38ED87CF-47FF-4ED8-8884-92788FA6FC83}.Release|Any CPU.ActiveCfg = Release|Any CPU
		{38ED87CF-47FF-4ED8-8884-92788FA6FC83}.Release|Any CPU.Build.0 = Release|Any CPU
	EndGlobalSection
	GlobalSection(SolutionProperties) = preSolution
		HideSolutionNode = FALSE
	EndGlobalSection
	GlobalSection(ExtensibilityGlobals) = postSolution
		SolutionGuid = {0983239D-470A-448B-800F-8BA6D660EF23}
	EndGlobalSection
EndGlobal
