
Microsoft Visual Studio Solution File, Format Version 12.00
# Visual Studio 15
VisualStudioVersion = 15.0.28010.2046
MinimumVisualStudioVersion = 10.0.40219.1
Project("{FAE04EC0-301F-11D3-BF4B-00C04F79EFBC}") = "Hwgeneric2", "Hwgeneric2\Hwgeneric2.csproj", "{1C5E41DF-E018-4681-940C-CBC93024BEB3}"
EndProject
Global
	GlobalSection(SolutionConfigurationPlatforms) = preSolution
		Debug|Any CPU = Debug|Any CPU
		Release|Any CPU = Release|Any CPU
	EndGlobalSection
	GlobalSection(ProjectConfigurationPlatforms) = postSolution
		{1C5E41DF-E018-4681-940C-CBC93024BEB3}.Debug|Any CPU.ActiveCfg = Debug|Any CPU
		{1C5E41DF-E018-4681-940C-CBC93024BEB3}.Debug|Any CPU.Build.0 = Debug|Any CPU
		{1C5E41DF-E018-4681-940C-CBC93024BEB3}.Release|Any CPU.ActiveCfg = Release|Any CPU
		{1C5E41DF-E018-4681-940C-CBC93024BEB3}.Release|Any CPU.Build.0 = Release|Any CPU
	EndGlobalSection
	GlobalSection(SolutionProperties) = preSolution
		HideSolutionNode = FALSE
	EndGlobalSection
	GlobalSection(ExtensibilityGlobals) = postSolution
		SolutionGuid = {3E89974D-E33E-4F94-9E5F-86725F73B7D4}
	EndGlobalSection
EndGlobal
