
Microsoft Visual Studio Solution File, Format Version 12.00
# Visual Studio 15
VisualStudioVersion = 15.0.28010.2046
MinimumVisualStudioVersion = 10.0.40219.1
Project("{FAE04EC0-301F-11D3-BF4B-00C04F79EFBC}") = "p96", "p96\p96.csproj", "{4BBC0C85-18E5-4AEF-99BC-FDC80FCE08AF}"
EndProject
Global
	GlobalSection(SolutionConfigurationPlatforms) = preSolution
		Debug|Any CPU = Debug|Any CPU
		Release|Any CPU = Release|Any CPU
	EndGlobalSection
	GlobalSection(ProjectConfigurationPlatforms) = postSolution
		{4BBC0C85-18E5-4AEF-99BC-FDC80FCE08AF}.Debug|Any CPU.ActiveCfg = Debug|Any CPU
		{4BBC0C85-18E5-4AEF-99BC-FDC80FCE08AF}.Debug|Any CPU.Build.0 = Debug|Any CPU
		{4BBC0C85-18E5-4AEF-99BC-FDC80FCE08AF}.Release|Any CPU.ActiveCfg = Release|Any CPU
		{4BBC0C85-18E5-4AEF-99BC-FDC80FCE08AF}.Release|Any CPU.Build.0 = Release|Any CPU
	EndGlobalSection
	GlobalSection(SolutionProperties) = preSolution
		HideSolutionNode = FALSE
	EndGlobalSection
	GlobalSection(ExtensibilityGlobals) = postSolution
		SolutionGuid = {1D87AC80-D724-46CB-9CDE-31ACA4E84D33}
	EndGlobalSection
EndGlobal
