
Microsoft Visual Studio Solution File, Format Version 12.00
# Visual Studio 15
VisualStudioVersion = 15.0.28010.2046
MinimumVisualStudioVersion = 10.0.40219.1
Project("{FAE04EC0-301F-11D3-BF4B-00C04F79EFBC}") = "Hwgeneric", "Hwgeneric\Hwgeneric.csproj", "{D8B18259-4F8B-4BC1-915A-5ADD5F71D96C}"
EndProject
Global
	GlobalSection(SolutionConfigurationPlatforms) = preSolution
		Debug|Any CPU = Debug|Any CPU
		Release|Any CPU = Release|Any CPU
	EndGlobalSection
	GlobalSection(ProjectConfigurationPlatforms) = postSolution
		{D8B18259-4F8B-4BC1-915A-5ADD5F71D96C}.Debug|Any CPU.ActiveCfg = Debug|Any CPU
		{D8B18259-4F8B-4BC1-915A-5ADD5F71D96C}.Debug|Any CPU.Build.0 = Debug|Any CPU
		{D8B18259-4F8B-4BC1-915A-5ADD5F71D96C}.Release|Any CPU.ActiveCfg = Release|Any CPU
		{D8B18259-4F8B-4BC1-915A-5ADD5F71D96C}.Release|Any CPU.Build.0 = Release|Any CPU
	EndGlobalSection
	GlobalSection(SolutionProperties) = preSolution
		HideSolutionNode = FALSE
	EndGlobalSection
	GlobalSection(ExtensibilityGlobals) = postSolution
		SolutionGuid = {518B2933-073E-47D6-AFD8-E74305866762}
	EndGlobalSection
EndGlobal
