
Microsoft Visual Studio Solution File, Format Version 12.00
# Visual Studio 15
VisualStudioVersion = 15.0.28010.2046
MinimumVisualStudioVersion = 10.0.40219.1
Project("{FAE04EC0-301F-11D3-BF4B-00C04F79EFBC}") = "Book", "Book\Book.csproj", "{9C22BE1B-3C5F-4026-B215-863DF57BA5E5}"
EndProject
Project("{FAE04EC0-301F-11D3-BF4B-00C04F79EFBC}") = "p41", "..\p41\p41\p41.csproj", "{083BE609-DF31-4565-B47A-8C83CDAC178B}"
EndProject
Project("{FAE04EC0-301F-11D3-BF4B-00C04F79EFBC}") = "p43", "..\p43\p43\p43.csproj", "{A0A3F19A-FDD4-42D4-9499-76012B39446A}"
EndProject
Project("{FAE04EC0-301F-11D3-BF4B-00C04F79EFBC}") = "p44", "..\p44\p44\p44.csproj", "{40C849F1-7D76-480E-9B83-1A155E0B735B}"
EndProject
Project("{FAE04EC0-301F-11D3-BF4B-00C04F79EFBC}") = "p59", "..\p59\p59\p59.csproj", "{BB2D9B7A-AA4D-402F-BF0F-761BD4CA476A}"
EndProject
Project("{FAE04EC0-301F-11D3-BF4B-00C04F79EFBC}") = "p62", "..\p62\p62\p62.csproj", "{B4D57D40-2992-4F03-A57F-8F96952AB33B}"
EndProject
Project("{FAE04EC0-301F-11D3-BF4B-00C04F79EFBC}") = "p64", "..\p64\p64\p64.csproj", "{950447E4-C06C-4242-A8E0-EC95E66E3A4F}"
EndProject
Project("{FAE04EC0-301F-11D3-BF4B-00C04F79EFBC}") = "p65Lab", "..\p65Lab\p65Lab\p65Lab.csproj", "{4205CF67-8837-436F-A6F1-20100CB656B2}"
EndProject
Project("{FAE04EC0-301F-11D3-BF4B-00C04F79EFBC}") = "p136", "..\p136\p136\p136.csproj", "{38DF4CFC-26F0-46A0-9141-2704EEEC952C}"
EndProject
Project("{FAE04EC0-301F-11D3-BF4B-00C04F79EFBC}") = "p138", "p138\p138.csproj", "{B6CFDF6A-1836-4591-80A5-F3FB4626088D}"
EndProject
Project("{FAE04EC0-301F-11D3-BF4B-00C04F79EFBC}") = "p140", "p140\p140.csproj", "{20FB6837-F9FC-4B9C-BB65-0C3AC901C061}"
EndProject
Project("{FAE04EC0-301F-11D3-BF4B-00C04F79EFBC}") = "p140-2", "p140-2\p140-2.csproj", "{6A1E0EEA-3DD4-4747-AC53-C98658F060FB}"
EndProject
Project("{FAE04EC0-301F-11D3-BF4B-00C04F79EFBC}") = "p140-3", "p140-3\p140-3.csproj", "{EB81E555-7708-4EBB-95AC-782533D282F4}"
EndProject
Project("{FAE04EC0-301F-11D3-BF4B-00C04F79EFBC}") = "p140-ramda", "p140-ramda\p140-ramda.csproj", "{EBD46E89-F07D-4E3C-9A91-25F20EBAD216}"
EndProject
Project("{FAE04EC0-301F-11D3-BF4B-00C04F79EFBC}") = "p141", "p141\p141.csproj", "{B052225C-24BC-4B2F-90AE-F606F37B02A0}"
EndProject
Project("{FAE04EC0-301F-11D3-BF4B-00C04F79EFBC}") = "p142", "p142\p142.csproj", "{14869B5C-1A0F-49D8-85BB-AF568BF08823}"
EndProject
Project("{FAE04EC0-301F-11D3-BF4B-00C04F79EFBC}") = "p143", "p143\p143.csproj", "{237AD1A9-C70D-42FB-AC50-8B78D65741BD}"
EndProject
Project("{FAE04EC0-301F-11D3-BF4B-00C04F79EFBC}") = "p144", "p144\p144.csproj", "{8DC35327-9273-47FD-B466-41ACDC644AD1}"
EndProject
Project("{FAE04EC0-301F-11D3-BF4B-00C04F79EFBC}") = "p145-hw1", "p145\p145-hw1.csproj", "{BB85937E-2C58-412D-B3B2-ABE873835FFB}"
EndProject
Project("{FAE04EC0-301F-11D3-BF4B-00C04F79EFBC}") = "p145-hw2", "p145-hw2\p145-hw2.csproj", "{A1B2695F-E9D0-41F8-B5B4-939EF8B725C8}"
EndProject
Project("{FAE04EC0-301F-11D3-BF4B-00C04F79EFBC}") = "p145-hw3", "p145-hw3\p145-hw3.csproj", "{0B2857C7-6F14-46FB-BE81-BA3BBE4B82C5}"
EndProject
Project("{FAE04EC0-301F-11D3-BF4B-00C04F79EFBC}") = "p153", "p153\p153.csproj", "{4CBB6F57-687A-4369-93EC-6571B79C0F6C}"
EndProject
Project("{FAE04EC0-301F-11D3-BF4B-00C04F79EFBC}") = "p155", "p155\p155.csproj", "{C58D4BBA-B9C5-4661-A65C-2517B8D41647}"
EndProject
Project("{FAE04EC0-301F-11D3-BF4B-00C04F79EFBC}") = "EventTest", "EventTest\EventTest.csproj", "{ECCDD3E9-2D25-41A1-B404-48D921F992E9}"
EndProject
Project("{FAE04EC0-301F-11D3-BF4B-00C04F79EFBC}") = "p157", "p157\p157.csproj", "{A6884797-0B7E-4477-9312-E243F761BB4A}"
EndProject
Project("{FAE04EC0-301F-11D3-BF4B-00C04F79EFBC}") = "p158", "p158\p158.csproj", "{BC5A63F5-01D5-4637-8BAC-A8D5C2ADE288}"
EndProject
Project("{FAE04EC0-301F-11D3-BF4B-00C04F79EFBC}") = "p159-hw1", "p159-hw1\p159-hw1.csproj", "{74E38D4A-665C-4F66-8874-7C8A1025B13E}"
EndProject
Project("{FAE04EC0-301F-11D3-BF4B-00C04F79EFBC}") = "p159-hw2", "p159-hw2\p159-hw2.csproj", "{AA43189B-5090-459F-BC06-15BE07764515}"
EndProject
Project("{FAE04EC0-301F-11D3-BF4B-00C04F79EFBC}") = "p159-hw3", "p159-hw3\p159-hw3.csproj", "{46D07AA2-53FF-4A1A-B05F-668A7FC128EB}"
EndProject
Project("{FAE04EC0-301F-11D3-BF4B-00C04F79EFBC}") = "p159-hw4", "p159-hw4\p159-hw4.csproj", "{7480B69B-3061-4322-9D41-7D86AC665D13}"
EndProject
Project("{FAE04EC0-301F-11D3-BF4B-00C04F79EFBC}") = "p159-hw5", "p159-hw5\p159-hw5.csproj", "{41444612-2976-4254-B118-E22F8941A294}"
EndProject
Project("{FAE04EC0-301F-11D3-BF4B-00C04F79EFBC}") = "p159-hw6", "p159-hw6\p159-hw6.csproj", "{9CFE44CD-93CC-4348-BB19-3676597C6E5A}"
EndProject
Project("{FAE04EC0-301F-11D3-BF4B-00C04F79EFBC}") = "p159-hw7", "p159-hw7\p159-hw7.csproj", "{2AFB169F-474E-4F48-93A4-7A8751B632E3}"
EndProject
Project("{FAE04EC0-301F-11D3-BF4B-00C04F79EFBC}") = "p160", "p160\p160.csproj", "{E2F50D43-F010-4003-BECC-D57BD2972E30}"
EndProject
Project("{FAE04EC0-301F-11D3-BF4B-00C04F79EFBC}") = "p161", "p161\p161.csproj", "{FDEEBC67-BA8E-47D5-A88B-BEDFEE1F7FC6}"
EndProject
Project("{FAE04EC0-301F-11D3-BF4B-00C04F79EFBC}") = "p162", "p162\p162.csproj", "{26909FAF-67DF-439C-964D-C2A7C70F256E}"
EndProject
Project("{FAE04EC0-301F-11D3-BF4B-00C04F79EFBC}") = "p163", "p163\p163.csproj", "{0788D2A0-8E35-4AFC-A2CB-E4B886F804D2}"
EndProject
Project("{FAE04EC0-301F-11D3-BF4B-00C04F79EFBC}") = "p163-2", "p163-2\p163-2.csproj", "{CF640878-EC36-4C90-94CC-401AA5C143EE}"
EndProject
Project("{FAE04EC0-301F-11D3-BF4B-00C04F79EFBC}") = "p165", "p165\p165.csproj", "{C26F153C-0C04-41BF-8DF1-69898ABA74E9}"
EndProject
Project("{FAE04EC0-301F-11D3-BF4B-00C04F79EFBC}") = "p167", "p167\p167.csproj", "{CB4D37C3-F1C8-4A21-A65F-1BE02C52175D}"
EndProject
Project("{FAE04EC0-301F-11D3-BF4B-00C04F79EFBC}") = "p170", "p170\p170.csproj", "{96039880-4E84-48B9-8ED4-76124FA03E9D}"
EndProject
Project("{FAE04EC0-301F-11D3-BF4B-00C04F79EFBC}") = "p173", "p173\p173.csproj", "{130BD800-2684-4089-915C-6C6E4A2A1D36}"
EndProject
Project("{FAE04EC0-301F-11D3-BF4B-00C04F79EFBC}") = "p176", "p176\p176.csproj", "{E8A760B3-DE6A-414C-8D0C-9179EC4F89E0}"
EndProject
Project("{FAE04EC0-301F-11D3-BF4B-00C04F79EFBC}") = "p200", "p200\p200.csproj", "{ABB6DA98-689B-4248-9C99-1736874C1A31}"
EndProject
Project("{FAE04EC0-301F-11D3-BF4B-00C04F79EFBC}") = "p203", "p203\p203.csproj", "{4FE0F459-0646-4DCD-B493-F05BDDCA209F}"
EndProject
Project("{FAE04EC0-301F-11D3-BF4B-00C04F79EFBC}") = "p204-1", "p204-1\p204-1.csproj", "{0A309162-0353-43C1-B817-139E244A0CFF}"
EndProject
Project("{FAE04EC0-301F-11D3-BF4B-00C04F79EFBC}") = "p208", "p208\p208.csproj", "{AE32C677-14F6-4EA0-983E-8F41250A35C3}"
EndProject
Project("{FAE04EC0-301F-11D3-BF4B-00C04F79EFBC}") = "p209", "p209\p209.csproj", "{521E4FE4-0EB3-48EF-9499-BEF8BF5B16FF}"
EndProject
Project("{FAE04EC0-301F-11D3-BF4B-00C04F79EFBC}") = "p211-2", "p211-2\p211-2.csproj", "{12EC034D-7177-4059-8A1A-FEDA9CDBC231}"
EndProject
Project("{FAE04EC0-301F-11D3-BF4B-00C04F79EFBC}") = "p211-1", "p211-1\p211-1.csproj", "{7C9E5805-3B34-4112-870A-401025FD4334}"
EndProject
Project("{FAE04EC0-301F-11D3-BF4B-00C04F79EFBC}") = "p215 lock", "p215\p215 lock.csproj", "{BDB312D1-5C17-48AE-B104-89D282B0AEBA}"
EndProject
Project("{FAE04EC0-301F-11D3-BF4B-00C04F79EFBC}") = "p216 Monitor", "p216\p216 Monitor.csproj", "{83D1667C-8323-4957-8DE6-65BE05580BD5}"
EndProject
Project("{FAE04EC0-301F-11D3-BF4B-00C04F79EFBC}") = "p218 Mutex", "p218\p218 Mutex.csproj", "{6145DACC-C3CE-4743-BF7A-D630169109CF}"
EndProject
Global
	GlobalSection(SolutionConfigurationPlatforms) = preSolution
		Debug|Any CPU = Debug|Any CPU
		Release|Any CPU = Release|Any CPU
	EndGlobalSection
	GlobalSection(ProjectConfigurationPlatforms) = postSolution
		{9C22BE1B-3C5F-4026-B215-863DF57BA5E5}.Debug|Any CPU.ActiveCfg = Debug|Any CPU
		{9C22BE1B-3C5F-4026-B215-863DF57BA5E5}.Debug|Any CPU.Build.0 = Debug|Any CPU
		{9C22BE1B-3C5F-4026-B215-863DF57BA5E5}.Release|Any CPU.ActiveCfg = Release|Any CPU
		{9C22BE1B-3C5F-4026-B215-863DF57BA5E5}.Release|Any CPU.Build.0 = Release|Any CPU
		{083BE609-DF31-4565-B47A-8C83CDAC178B}.Debug|Any CPU.ActiveCfg = Debug|Any CPU
		{083BE609-DF31-4565-B47A-8C83CDAC178B}.Debug|Any CPU.Build.0 = Debug|Any CPU
		{083BE609-DF31-4565-B47A-8C83CDAC178B}.Release|Any CPU.ActiveCfg = Release|Any CPU
		{083BE609-DF31-4565-B47A-8C83CDAC178B}.Release|Any CPU.Build.0 = Release|Any CPU
		{A0A3F19A-FDD4-42D4-9499-76012B39446A}.Debug|Any CPU.ActiveCfg = Debug|Any CPU
		{A0A3F19A-FDD4-42D4-9499-76012B39446A}.Debug|Any CPU.Build.0 = Debug|Any CPU
		{A0A3F19A-FDD4-42D4-9499-76012B39446A}.Release|Any CPU.ActiveCfg = Release|Any CPU
		{A0A3F19A-FDD4-42D4-9499-76012B39446A}.Release|Any CPU.Build.0 = Release|Any CPU
		{40C849F1-7D76-480E-9B83-1A155E0B735B}.Debug|Any CPU.ActiveCfg = Debug|Any CPU
		{40C849F1-7D76-480E-9B83-1A155E0B735B}.Debug|Any CPU.Build.0 = Debug|Any CPU
		{40C849F1-7D76-480E-9B83-1A155E0B735B}.Release|Any CPU.ActiveCfg = Release|Any CPU
		{40C849F1-7D76-480E-9B83-1A155E0B735B}.Release|Any CPU.Build.0 = Release|Any CPU
		{BB2D9B7A-AA4D-402F-BF0F-761BD4CA476A}.Debug|Any CPU.ActiveCfg = Debug|Any CPU
		{BB2D9B7A-AA4D-402F-BF0F-761BD4CA476A}.Debug|Any CPU.Build.0 = Debug|Any CPU
		{BB2D9B7A-AA4D-402F-BF0F-761BD4CA476A}.Release|Any CPU.ActiveCfg = Release|Any CPU
		{BB2D9B7A-AA4D-402F-BF0F-761BD4CA476A}.Release|Any CPU.Build.0 = Release|Any CPU
		{B4D57D40-2992-4F03-A57F-8F96952AB33B}.Debug|Any CPU.ActiveCfg = Debug|Any CPU
		{B4D57D40-2992-4F03-A57F-8F96952AB33B}.Debug|Any CPU.Build.0 = Debug|Any CPU
		{B4D57D40-2992-4F03-A57F-8F96952AB33B}.Release|Any CPU.ActiveCfg = Release|Any CPU
		{B4D57D40-2992-4F03-A57F-8F96952AB33B}.Release|Any CPU.Build.0 = Release|Any CPU
		{950447E4-C06C-4242-A8E0-EC95E66E3A4F}.Debug|Any CPU.ActiveCfg = Debug|Any CPU
		{950447E4-C06C-4242-A8E0-EC95E66E3A4F}.Debug|Any CPU.Build.0 = Debug|Any CPU
		{950447E4-C06C-4242-A8E0-EC95E66E3A4F}.Release|Any CPU.ActiveCfg = Release|Any CPU
		{950447E4-C06C-4242-A8E0-EC95E66E3A4F}.Release|Any CPU.Build.0 = Release|Any CPU
		{4205CF67-8837-436F-A6F1-20100CB656B2}.Debug|Any CPU.ActiveCfg = Debug|Any CPU
		{4205CF67-8837-436F-A6F1-20100CB656B2}.Debug|Any CPU.Build.0 = Debug|Any CPU
		{4205CF67-8837-436F-A6F1-20100CB656B2}.Release|Any CPU.ActiveCfg = Release|Any CPU
		{4205CF67-8837-436F-A6F1-20100CB656B2}.Release|Any CPU.Build.0 = Release|Any CPU
		{38DF4CFC-26F0-46A0-9141-2704EEEC952C}.Debug|Any CPU.ActiveCfg = Debug|Any CPU
		{38DF4CFC-26F0-46A0-9141-2704EEEC952C}.Debug|Any CPU.Build.0 = Debug|Any CPU
		{38DF4CFC-26F0-46A0-9141-2704EEEC952C}.Release|Any CPU.ActiveCfg = Release|Any CPU
		{38DF4CFC-26F0-46A0-9141-2704EEEC952C}.Release|Any CPU.Build.0 = Release|Any CPU
		{B6CFDF6A-1836-4591-80A5-F3FB4626088D}.Debug|Any CPU.ActiveCfg = Debug|Any CPU
		{B6CFDF6A-1836-4591-80A5-F3FB4626088D}.Debug|Any CPU.Build.0 = Debug|Any CPU
		{B6CFDF6A-1836-4591-80A5-F3FB4626088D}.Release|Any CPU.ActiveCfg = Release|Any CPU
		{B6CFDF6A-1836-4591-80A5-F3FB4626088D}.Release|Any CPU.Build.0 = Release|Any CPU
		{20FB6837-F9FC-4B9C-BB65-0C3AC901C061}.Debug|Any CPU.ActiveCfg = Debug|Any CPU
		{20FB6837-F9FC-4B9C-BB65-0C3AC901C061}.Debug|Any CPU.Build.0 = Debug|Any CPU
		{20FB6837-F9FC-4B9C-BB65-0C3AC901C061}.Release|Any CPU.ActiveCfg = Release|Any CPU
		{20FB6837-F9FC-4B9C-BB65-0C3AC901C061}.Release|Any CPU.Build.0 = Release|Any CPU
		{6A1E0EEA-3DD4-4747-AC53-C98658F060FB}.Debug|Any CPU.ActiveCfg = Debug|Any CPU
		{6A1E0EEA-3DD4-4747-AC53-C98658F060FB}.Debug|Any CPU.Build.0 = Debug|Any CPU
		{6A1E0EEA-3DD4-4747-AC53-C98658F060FB}.Release|Any CPU.ActiveCfg = Release|Any CPU
		{6A1E0EEA-3DD4-4747-AC53-C98658F060FB}.Release|Any CPU.Build.0 = Release|Any CPU
		{EB81E555-7708-4EBB-95AC-782533D282F4}.Debug|Any CPU.ActiveCfg = Debug|Any CPU
		{EB81E555-7708-4EBB-95AC-782533D282F4}.Debug|Any CPU.Build.0 = Debug|Any CPU
		{EB81E555-7708-4EBB-95AC-782533D282F4}.Release|Any CPU.ActiveCfg = Release|Any CPU
		{EB81E555-7708-4EBB-95AC-782533D282F4}.Release|Any CPU.Build.0 = Release|Any CPU
		{EBD46E89-F07D-4E3C-9A91-25F20EBAD216}.Debug|Any CPU.ActiveCfg = Debug|Any CPU
		{EBD46E89-F07D-4E3C-9A91-25F20EBAD216}.Debug|Any CPU.Build.0 = Debug|Any CPU
		{EBD46E89-F07D-4E3C-9A91-25F20EBAD216}.Release|Any CPU.ActiveCfg = Release|Any CPU
		{EBD46E89-F07D-4E3C-9A91-25F20EBAD216}.Release|Any CPU.Build.0 = Release|Any CPU
		{B052225C-24BC-4B2F-90AE-F606F37B02A0}.Debug|Any CPU.ActiveCfg = Debug|Any CPU
		{B052225C-24BC-4B2F-90AE-F606F37B02A0}.Debug|Any CPU.Build.0 = Debug|Any CPU
		{B052225C-24BC-4B2F-90AE-F606F37B02A0}.Release|Any CPU.ActiveCfg = Release|Any CPU
		{B052225C-24BC-4B2F-90AE-F606F37B02A0}.Release|Any CPU.Build.0 = Release|Any CPU
		{14869B5C-1A0F-49D8-85BB-AF568BF08823}.Debug|Any CPU.ActiveCfg = Debug|Any CPU
		{14869B5C-1A0F-49D8-85BB-AF568BF08823}.Debug|Any CPU.Build.0 = Debug|Any CPU
		{14869B5C-1A0F-49D8-85BB-AF568BF08823}.Release|Any CPU.ActiveCfg = Release|Any CPU
		{14869B5C-1A0F-49D8-85BB-AF568BF08823}.Release|Any CPU.Build.0 = Release|Any CPU
		{237AD1A9-C70D-42FB-AC50-8B78D65741BD}.Debug|Any CPU.ActiveCfg = Debug|Any CPU
		{237AD1A9-C70D-42FB-AC50-8B78D65741BD}.Debug|Any CPU.Build.0 = Debug|Any CPU
		{237AD1A9-C70D-42FB-AC50-8B78D65741BD}.Release|Any CPU.ActiveCfg = Release|Any CPU
		{237AD1A9-C70D-42FB-AC50-8B78D65741BD}.Release|Any CPU.Build.0 = Release|Any CPU
		{8DC35327-9273-47FD-B466-41ACDC644AD1}.Debug|Any CPU.ActiveCfg = Debug|Any CPU
		{8DC35327-9273-47FD-B466-41ACDC644AD1}.Debug|Any CPU.Build.0 = Debug|Any CPU
		{8DC35327-9273-47FD-B466-41ACDC644AD1}.Release|Any CPU.ActiveCfg = Release|Any CPU
		{8DC35327-9273-47FD-B466-41ACDC644AD1}.Release|Any CPU.Build.0 = Release|Any CPU
		{BB85937E-2C58-412D-B3B2-ABE873835FFB}.Debug|Any CPU.ActiveCfg = Debug|Any CPU
		{BB85937E-2C58-412D-B3B2-ABE873835FFB}.Debug|Any CPU.Build.0 = Debug|Any CPU
		{BB85937E-2C58-412D-B3B2-ABE873835FFB}.Release|Any CPU.ActiveCfg = Release|Any CPU
		{BB85937E-2C58-412D-B3B2-ABE873835FFB}.Release|Any CPU.Build.0 = Release|Any CPU
		{A1B2695F-E9D0-41F8-B5B4-939EF8B725C8}.Debug|Any CPU.ActiveCfg = Debug|Any CPU
		{A1B2695F-E9D0-41F8-B5B4-939EF8B725C8}.Debug|Any CPU.Build.0 = Debug|Any CPU
		{A1B2695F-E9D0-41F8-B5B4-939EF8B725C8}.Release|Any CPU.ActiveCfg = Release|Any CPU
		{A1B2695F-E9D0-41F8-B5B4-939EF8B725C8}.Release|Any CPU.Build.0 = Release|Any CPU
		{0B2857C7-6F14-46FB-BE81-BA3BBE4B82C5}.Debug|Any CPU.ActiveCfg = Debug|Any CPU
		{0B2857C7-6F14-46FB-BE81-BA3BBE4B82C5}.Debug|Any CPU.Build.0 = Debug|Any CPU
		{0B2857C7-6F14-46FB-BE81-BA3BBE4B82C5}.Release|Any CPU.ActiveCfg = Release|Any CPU
		{0B2857C7-6F14-46FB-BE81-BA3BBE4B82C5}.Release|Any CPU.Build.0 = Release|Any CPU
		{4CBB6F57-687A-4369-93EC-6571B79C0F6C}.Debug|Any CPU.ActiveCfg = Debug|Any CPU
		{4CBB6F57-687A-4369-93EC-6571B79C0F6C}.Debug|Any CPU.Build.0 = Debug|Any CPU
		{4CBB6F57-687A-4369-93EC-6571B79C0F6C}.Release|Any CPU.ActiveCfg = Release|Any CPU
		{4CBB6F57-687A-4369-93EC-6571B79C0F6C}.Release|Any CPU.Build.0 = Release|Any CPU
		{C58D4BBA-B9C5-4661-A65C-2517B8D41647}.Debug|Any CPU.ActiveCfg = Debug|Any CPU
		{C58D4BBA-B9C5-4661-A65C-2517B8D41647}.Debug|Any CPU.Build.0 = Debug|Any CPU
		{C58D4BBA-B9C5-4661-A65C-2517B8D41647}.Release|Any CPU.ActiveCfg = Release|Any CPU
		{C58D4BBA-B9C5-4661-A65C-2517B8D41647}.Release|Any CPU.Build.0 = Release|Any CPU
		{ECCDD3E9-2D25-41A1-B404-48D921F992E9}.Debug|Any CPU.ActiveCfg = Debug|Any CPU
		{ECCDD3E9-2D25-41A1-B404-48D921F992E9}.Debug|Any CPU.Build.0 = Debug|Any CPU
		{ECCDD3E9-2D25-41A1-B404-48D921F992E9}.Release|Any CPU.ActiveCfg = Release|Any CPU
		{ECCDD3E9-2D25-41A1-B404-48D921F992E9}.Release|Any CPU.Build.0 = Release|Any CPU
		{A6884797-0B7E-4477-9312-E243F761BB4A}.Debug|Any CPU.ActiveCfg = Debug|Any CPU
		{A6884797-0B7E-4477-9312-E243F761BB4A}.Debug|Any CPU.Build.0 = Debug|Any CPU
		{A6884797-0B7E-4477-9312-E243F761BB4A}.Release|Any CPU.ActiveCfg = Release|Any CPU
		{A6884797-0B7E-4477-9312-E243F761BB4A}.Release|Any CPU.Build.0 = Release|Any CPU
		{BC5A63F5-01D5-4637-8BAC-A8D5C2ADE288}.Debug|Any CPU.ActiveCfg = Debug|Any CPU
		{BC5A63F5-01D5-4637-8BAC-A8D5C2ADE288}.Debug|Any CPU.Build.0 = Debug|Any CPU
		{BC5A63F5-01D5-4637-8BAC-A8D5C2ADE288}.Release|Any CPU.ActiveCfg = Release|Any CPU
		{BC5A63F5-01D5-4637-8BAC-A8D5C2ADE288}.Release|Any CPU.Build.0 = Release|Any CPU
		{74E38D4A-665C-4F66-8874-7C8A1025B13E}.Debug|Any CPU.ActiveCfg = Debug|Any CPU
		{74E38D4A-665C-4F66-8874-7C8A1025B13E}.Debug|Any CPU.Build.0 = Debug|Any CPU
		{74E38D4A-665C-4F66-8874-7C8A1025B13E}.Release|Any CPU.ActiveCfg = Release|Any CPU
		{74E38D4A-665C-4F66-8874-7C8A1025B13E}.Release|Any CPU.Build.0 = Release|Any CPU
		{AA43189B-5090-459F-BC06-15BE07764515}.Debug|Any CPU.ActiveCfg = Debug|Any CPU
		{AA43189B-5090-459F-BC06-15BE07764515}.Debug|Any CPU.Build.0 = Debug|Any CPU
		{AA43189B-5090-459F-BC06-15BE07764515}.Release|Any CPU.ActiveCfg = Release|Any CPU
		{AA43189B-5090-459F-BC06-15BE07764515}.Release|Any CPU.Build.0 = Release|Any CPU
		{46D07AA2-53FF-4A1A-B05F-668A7FC128EB}.Debug|Any CPU.ActiveCfg = Debug|Any CPU
		{46D07AA2-53FF-4A1A-B05F-668A7FC128EB}.Debug|Any CPU.Build.0 = Debug|Any CPU
		{46D07AA2-53FF-4A1A-B05F-668A7FC128EB}.Release|Any CPU.ActiveCfg = Release|Any CPU
		{46D07AA2-53FF-4A1A-B05F-668A7FC128EB}.Release|Any CPU.Build.0 = Release|Any CPU
		{7480B69B-3061-4322-9D41-7D86AC665D13}.Debug|Any CPU.ActiveCfg = Debug|Any CPU
		{7480B69B-3061-4322-9D41-7D86AC665D13}.Debug|Any CPU.Build.0 = Debug|Any CPU
		{7480B69B-3061-4322-9D41-7D86AC665D13}.Release|Any CPU.ActiveCfg = Release|Any CPU
		{7480B69B-3061-4322-9D41-7D86AC665D13}.Release|Any CPU.Build.0 = Release|Any CPU
		{41444612-2976-4254-B118-E22F8941A294}.Debug|Any CPU.ActiveCfg = Debug|Any CPU
		{41444612-2976-4254-B118-E22F8941A294}.Debug|Any CPU.Build.0 = Debug|Any CPU
		{41444612-2976-4254-B118-E22F8941A294}.Release|Any CPU.ActiveCfg = Release|Any CPU
		{41444612-2976-4254-B118-E22F8941A294}.Release|Any CPU.Build.0 = Release|Any CPU
		{9CFE44CD-93CC-4348-BB19-3676597C6E5A}.Debug|Any CPU.ActiveCfg = Debug|Any CPU
		{9CFE44CD-93CC-4348-BB19-3676597C6E5A}.Debug|Any CPU.Build.0 = Debug|Any CPU
		{9CFE44CD-93CC-4348-BB19-3676597C6E5A}.Release|Any CPU.ActiveCfg = Release|Any CPU
		{9CFE44CD-93CC-4348-BB19-3676597C6E5A}.Release|Any CPU.Build.0 = Release|Any CPU
		{2AFB169F-474E-4F48-93A4-7A8751B632E3}.Debug|Any CPU.ActiveCfg = Debug|Any CPU
		{2AFB169F-474E-4F48-93A4-7A8751B632E3}.Debug|Any CPU.Build.0 = Debug|Any CPU
		{2AFB169F-474E-4F48-93A4-7A8751B632E3}.Release|Any CPU.ActiveCfg = Release|Any CPU
		{2AFB169F-474E-4F48-93A4-7A8751B632E3}.Release|Any CPU.Build.0 = Release|Any CPU
		{E2F50D43-F010-4003-BECC-D57BD2972E30}.Debug|Any CPU.ActiveCfg = Debug|Any CPU
		{E2F50D43-F010-4003-BECC-D57BD2972E30}.Debug|Any CPU.Build.0 = Debug|Any CPU
		{E2F50D43-F010-4003-BECC-D57BD2972E30}.Release|Any CPU.ActiveCfg = Release|Any CPU
		{E2F50D43-F010-4003-BECC-D57BD2972E30}.Release|Any CPU.Build.0 = Release|Any CPU
		{FDEEBC67-BA8E-47D5-A88B-BEDFEE1F7FC6}.Debug|Any CPU.ActiveCfg = Debug|Any CPU
		{FDEEBC67-BA8E-47D5-A88B-BEDFEE1F7FC6}.Debug|Any CPU.Build.0 = Debug|Any CPU
		{FDEEBC67-BA8E-47D5-A88B-BEDFEE1F7FC6}.Release|Any CPU.ActiveCfg = Release|Any CPU
		{FDEEBC67-BA8E-47D5-A88B-BEDFEE1F7FC6}.Release|Any CPU.Build.0 = Release|Any CPU
		{26909FAF-67DF-439C-964D-C2A7C70F256E}.Debug|Any CPU.ActiveCfg = Debug|Any CPU
		{26909FAF-67DF-439C-964D-C2A7C70F256E}.Debug|Any CPU.Build.0 = Debug|Any CPU
		{26909FAF-67DF-439C-964D-C2A7C70F256E}.Release|Any CPU.ActiveCfg = Release|Any CPU
		{26909FAF-67DF-439C-964D-C2A7C70F256E}.Release|Any CPU.Build.0 = Release|Any CPU
		{0788D2A0-8E35-4AFC-A2CB-E4B886F804D2}.Debug|Any CPU.ActiveCfg = Debug|Any CPU
		{0788D2A0-8E35-4AFC-A2CB-E4B886F804D2}.Debug|Any CPU.Build.0 = Debug|Any CPU
		{0788D2A0-8E35-4AFC-A2CB-E4B886F804D2}.Release|Any CPU.ActiveCfg = Release|Any CPU
		{0788D2A0-8E35-4AFC-A2CB-E4B886F804D2}.Release|Any CPU.Build.0 = Release|Any CPU
		{CF640878-EC36-4C90-94CC-401AA5C143EE}.Debug|Any CPU.ActiveCfg = Debug|Any CPU
		{CF640878-EC36-4C90-94CC-401AA5C143EE}.Debug|Any CPU.Build.0 = Debug|Any CPU
		{CF640878-EC36-4C90-94CC-401AA5C143EE}.Release|Any CPU.ActiveCfg = Release|Any CPU
		{CF640878-EC36-4C90-94CC-401AA5C143EE}.Release|Any CPU.Build.0 = Release|Any CPU
		{C26F153C-0C04-41BF-8DF1-69898ABA74E9}.Debug|Any CPU.ActiveCfg = Debug|Any CPU
		{C26F153C-0C04-41BF-8DF1-69898ABA74E9}.Debug|Any CPU.Build.0 = Debug|Any CPU
		{C26F153C-0C04-41BF-8DF1-69898ABA74E9}.Release|Any CPU.ActiveCfg = Release|Any CPU
		{C26F153C-0C04-41BF-8DF1-69898ABA74E9}.Release|Any CPU.Build.0 = Release|Any CPU
		{CB4D37C3-F1C8-4A21-A65F-1BE02C52175D}.Debug|Any CPU.ActiveCfg = Debug|Any CPU
		{CB4D37C3-F1C8-4A21-A65F-1BE02C52175D}.Debug|Any CPU.Build.0 = Debug|Any CPU
		{CB4D37C3-F1C8-4A21-A65F-1BE02C52175D}.Release|Any CPU.ActiveCfg = Release|Any CPU
		{CB4D37C3-F1C8-4A21-A65F-1BE02C52175D}.Release|Any CPU.Build.0 = Release|Any CPU
		{96039880-4E84-48B9-8ED4-76124FA03E9D}.Debug|Any CPU.ActiveCfg = Debug|Any CPU
		{96039880-4E84-48B9-8ED4-76124FA03E9D}.Debug|Any CPU.Build.0 = Debug|Any CPU
		{96039880-4E84-48B9-8ED4-76124FA03E9D}.Release|Any CPU.ActiveCfg = Release|Any CPU
		{96039880-4E84-48B9-8ED4-76124FA03E9D}.Release|Any CPU.Build.0 = Release|Any CPU
		{130BD800-2684-4089-915C-6C6E4A2A1D36}.Debug|Any CPU.ActiveCfg = Debug|Any CPU
		{130BD800-2684-4089-915C-6C6E4A2A1D36}.Debug|Any CPU.Build.0 = Debug|Any CPU
		{130BD800-2684-4089-915C-6C6E4A2A1D36}.Release|Any CPU.ActiveCfg = Release|Any CPU
		{130BD800-2684-4089-915C-6C6E4A2A1D36}.Release|Any CPU.Build.0 = Release|Any CPU
		{E8A760B3-DE6A-414C-8D0C-9179EC4F89E0}.Debug|Any CPU.ActiveCfg = Debug|Any CPU
		{E8A760B3-DE6A-414C-8D0C-9179EC4F89E0}.Debug|Any CPU.Build.0 = Debug|Any CPU
		{E8A760B3-DE6A-414C-8D0C-9179EC4F89E0}.Release|Any CPU.ActiveCfg = Release|Any CPU
		{E8A760B3-DE6A-414C-8D0C-9179EC4F89E0}.Release|Any CPU.Build.0 = Release|Any CPU
		{ABB6DA98-689B-4248-9C99-1736874C1A31}.Debug|Any CPU.ActiveCfg = Debug|Any CPU
		{ABB6DA98-689B-4248-9C99-1736874C1A31}.Debug|Any CPU.Build.0 = Debug|Any CPU
		{ABB6DA98-689B-4248-9C99-1736874C1A31}.Release|Any CPU.ActiveCfg = Release|Any CPU
		{ABB6DA98-689B-4248-9C99-1736874C1A31}.Release|Any CPU.Build.0 = Release|Any CPU
		{4FE0F459-0646-4DCD-B493-F05BDDCA209F}.Debug|Any CPU.ActiveCfg = Debug|Any CPU
		{4FE0F459-0646-4DCD-B493-F05BDDCA209F}.Debug|Any CPU.Build.0 = Debug|Any CPU
		{4FE0F459-0646-4DCD-B493-F05BDDCA209F}.Release|Any CPU.ActiveCfg = Release|Any CPU
		{4FE0F459-0646-4DCD-B493-F05BDDCA209F}.Release|Any CPU.Build.0 = Release|Any CPU
		{0A309162-0353-43C1-B817-139E244A0CFF}.Debug|Any CPU.ActiveCfg = Debug|Any CPU
		{0A309162-0353-43C1-B817-139E244A0CFF}.Debug|Any CPU.Build.0 = Debug|Any CPU
		{0A309162-0353-43C1-B817-139E244A0CFF}.Release|Any CPU.ActiveCfg = Release|Any CPU
		{0A309162-0353-43C1-B817-139E244A0CFF}.Release|Any CPU.Build.0 = Release|Any CPU
		{AE32C677-14F6-4EA0-983E-8F41250A35C3}.Debug|Any CPU.ActiveCfg = Debug|Any CPU
		{AE32C677-14F6-4EA0-983E-8F41250A35C3}.Debug|Any CPU.Build.0 = Debug|Any CPU
		{AE32C677-14F6-4EA0-983E-8F41250A35C3}.Release|Any CPU.ActiveCfg = Release|Any CPU
		{AE32C677-14F6-4EA0-983E-8F41250A35C3}.Release|Any CPU.Build.0 = Release|Any CPU
		{521E4FE4-0EB3-48EF-9499-BEF8BF5B16FF}.Debug|Any CPU.ActiveCfg = Debug|Any CPU
		{521E4FE4-0EB3-48EF-9499-BEF8BF5B16FF}.Debug|Any CPU.Build.0 = Debug|Any CPU
		{521E4FE4-0EB3-48EF-9499-BEF8BF5B16FF}.Release|Any CPU.ActiveCfg = Release|Any CPU
		{521E4FE4-0EB3-48EF-9499-BEF8BF5B16FF}.Release|Any CPU.Build.0 = Release|Any CPU
		{12EC034D-7177-4059-8A1A-FEDA9CDBC231}.Debug|Any CPU.ActiveCfg = Debug|Any CPU
		{12EC034D-7177-4059-8A1A-FEDA9CDBC231}.Debug|Any CPU.Build.0 = Debug|Any CPU
		{12EC034D-7177-4059-8A1A-FEDA9CDBC231}.Release|Any CPU.ActiveCfg = Release|Any CPU
		{12EC034D-7177-4059-8A1A-FEDA9CDBC231}.Release|Any CPU.Build.0 = Release|Any CPU
		{7C9E5805-3B34-4112-870A-401025FD4334}.Debug|Any CPU.ActiveCfg = Debug|Any CPU
		{7C9E5805-3B34-4112-870A-401025FD4334}.Debug|Any CPU.Build.0 = Debug|Any CPU
		{7C9E5805-3B34-4112-870A-401025FD4334}.Release|Any CPU.ActiveCfg = Release|Any CPU
		{7C9E5805-3B34-4112-870A-401025FD4334}.Release|Any CPU.Build.0 = Release|Any CPU
		{BDB312D1-5C17-48AE-B104-89D282B0AEBA}.Debug|Any CPU.ActiveCfg = Debug|Any CPU
		{BDB312D1-5C17-48AE-B104-89D282B0AEBA}.Debug|Any CPU.Build.0 = Debug|Any CPU
		{BDB312D1-5C17-48AE-B104-89D282B0AEBA}.Release|Any CPU.ActiveCfg = Release|Any CPU
		{BDB312D1-5C17-48AE-B104-89D282B0AEBA}.Release|Any CPU.Build.0 = Release|Any CPU
		{83D1667C-8323-4957-8DE6-65BE05580BD5}.Debug|Any CPU.ActiveCfg = Debug|Any CPU
		{83D1667C-8323-4957-8DE6-65BE05580BD5}.Debug|Any CPU.Build.0 = Debug|Any CPU
		{83D1667C-8323-4957-8DE6-65BE05580BD5}.Release|Any CPU.ActiveCfg = Release|Any CPU
		{83D1667C-8323-4957-8DE6-65BE05580BD5}.Release|Any CPU.Build.0 = Release|Any CPU
		{6145DACC-C3CE-4743-BF7A-D630169109CF}.Debug|Any CPU.ActiveCfg = Debug|Any CPU
		{6145DACC-C3CE-4743-BF7A-D630169109CF}.Debug|Any CPU.Build.0 = Debug|Any CPU
		{6145DACC-C3CE-4743-BF7A-D630169109CF}.Release|Any CPU.ActiveCfg = Release|Any CPU
		{6145DACC-C3CE-4743-BF7A-D630169109CF}.Release|Any CPU.Build.0 = Release|Any CPU
	EndGlobalSection
	GlobalSection(SolutionProperties) = preSolution
		HideSolutionNode = FALSE
	EndGlobalSection
	GlobalSection(ExtensibilityGlobals) = postSolution
		SolutionGuid = {2C9EE99F-CE7D-4521-82DA-1FAFEC23551C}
	EndGlobalSection
EndGlobal
